// !$*UTF8*$!
{
	archiveVersion = 1;
	classes = {
	};
	objectVersion = 55;
	objects = {

/* Begin PBXBuildFile section */
		019BF71028ABA28E00B6E900 /* Swift_CPPApp.swift in Sources */ = {isa = PBXBuildFile; fileRef = 019BF70F28ABA28E00B6E900 /* Swift_CPPApp.swift */; };
		019BF71228ABA28E00B6E900 /* ContentView.swift in Sources */ = {isa = PBXBuildFile; fileRef = 019BF71128ABA28E00B6E900 /* ContentView.swift */; };
		019BF71428ABA29000B6E900 /* Assets.xcassets in Resources */ = {isa = PBXBuildFile; fileRef = 019BF71328ABA29000B6E900 /* Assets.xcassets */; };
		019BF71728ABA29000B6E900 /* Preview Assets.xcassets in Resources */ = {isa = PBXBuildFile; fileRef = 019BF71628ABA29000B6E900 /* Preview Assets.xcassets */; };
		019BF72128ABA2EF00B6E900 /* HelloWorld.cpp in Sources */ = {isa = PBXBuildFile; fileRef = 019BF71F28ABA2EF00B6E900 /* HelloWorld.cpp */; };
		019BF72428ABA42D00B6E900 /* HelloWorldWrapper.mm in Sources */ = {isa = PBXBuildFile; fileRef = 019BF72328ABA42D00B6E900 /* HelloWorldWrapper.mm */; };
/* End PBXBuildFile section */

/* Begin PBXFileReference section */
		019BF70C28ABA28E00B6E900 /* Swift+CPP.app */ = {isa = PBXFileReference; explicitFileType = wrapper.application; includeInIndex = 0; path = "Swift+CPP.app"; sourceTree = BUILT_PRODUCTS_DIR; };
		019BF70F28ABA28E00B6E900 /* Swift_CPPApp.swift */ = {isa = PBXFileReference; lastKnownFileType = sourcecode.swift; path = Swift_CPPApp.swift; sourceTree = "<group>"; };
		019BF71128ABA28E00B6E900 /* ContentView.swift */ = {isa = PBXFileReference; lastKnownFileType = sourcecode.swift; path = ContentView.swift; sourceTree = "<group>"; };
		019BF71328ABA29000B6E900 /* Assets.xcassets */ = {isa = PBXFileReference; lastKnownFileType = folder.assetcatalog; path = Assets.xcassets; sourceTree = "<group>"; };
		019BF71628ABA29000B6E900 /* Preview Assets.xcassets */ = {isa = PBXFileReference; lastKnownFileType = folder.assetcatalog; path = "Preview Assets.xcassets"; sourceTree = "<group>"; };
		019BF71E28ABA2EE00B6E900 /* Swift+CPP-Bridging-Header.h */ = {isa = PBXFileReference; lastKnownFileType = sourcecode.c.h; path = "Swift+CPP-Bridging-Header.h"; sourceTree = "<group>"; };
		019BF71F28ABA2EF00B6E900 /* HelloWorld.cpp */ = {isa = PBXFileReference; lastKnownFileType = sourcecode.cpp.cpp; path = HelloWorld.cpp; sourceTree = "<group>"; };
		019BF72028ABA2EF00B6E900 /* HelloWorld.hpp */ = {isa = PBXFileReference; lastKnownFileType = sourcecode.cpp.h; path = HelloWorld.hpp; sourceTree = "<group>"; };
		019BF72228ABA3D700B6E900 /* HelloWorldWrapper.h */ = {isa = PBXFileReference; lastKnownFileType = sourcecode.c.h; path = HelloWorldWrapper.h; sourceTree = "<group>"; };
		019BF72328ABA42D00B6E900 /* HelloWorldWrapper.mm */ = {isa = PBXFileReference; lastKnownFileType = sourcecode.cpp.objcpp; path = HelloWorldWrapper.mm; sourceTree = "<group>"; };
/* End PBXFileReference section */

/* Begin PBXFrameworksBuildPhase section */
		019BF70928ABA28E00B6E900 /* Frameworks */ = {
			isa = PBXFrameworksBuildPhase;
			buildActionMask = 2147483647;
			files = (
			);
			runOnlyForDeploymentPostprocessing = 0;
		};
/* End PBXFrameworksBuildPhase section */

/* Begin PBXGroup section */
		019BF70328ABA28E00B6E900 = {
			isa = PBXGroup;
			children = (
				019BF70E28ABA28E00B6E900 /* Swift+CPP */,
				019BF70D28ABA28E00B6E900 /* Products */,
			);
			sourceTree = "<group>";
		};
		019BF70D28ABA28E00B6E900 /* Products */ = {
			isa = PBXGroup;
			children = (
				019BF70C28ABA28E00B6E900 /* Swift+CPP.app */,
			);
			name = Products;
			sourceTree = "<group>";
		};
		019BF70E28ABA28E00B6E900 /* Swift+CPP */ = {
			isa = PBXGroup;
			children = (
				019BF72528ABA63900B6E900 /* Objective-C code */,
				019BF71D28ABA2B500B6E900 /* C++ code */,
				019BF70F28ABA28E00B6E900 /* Swift_CPPApp.swift */,
				019BF71128ABA28E00B6E900 /* ContentView.swift */,
				019BF71328ABA29000B6E900 /* Assets.xcassets */,
				019BF71528ABA29000B6E900 /* Preview Content */,
			);
			path = "Swift+CPP";
			sourceTree = "<group>";
		};
		019BF71528ABA29000B6E900 /* Preview Content */ = {
			isa = PBXGroup;
			children = (
				019BF71628ABA29000B6E900 /* Preview Assets.xcassets */,
			);
			path = "Preview Content";
			sourceTree = "<group>";
		};
		019BF71D28ABA2B500B6E900 /* C++ code */ = {
			isa = PBXGroup;
			children = (
				019BF71F28ABA2EF00B6E900 /* HelloWorld.cpp */,
				019BF72028ABA2EF00B6E900 /* HelloWorld.hpp */,
				019BF71E28ABA2EE00B6E900 /* Swift+CPP-Bridging-Header.h */,
			);
			path = "C++ code";
			sourceTree = "<group>";
		};
		019BF72528ABA63900B6E900 /* Objective-C code */ = {
			isa = PBXGroup;
			children = (
				019BF72228ABA3D700B6E900 /* HelloWorldWrapper.h */,
				019BF72328ABA42D00B6E900 /* HelloWorldWrapper.mm */,
			);
			path = "Objective-C code";
			sourceTree = "<group>";
		};
/* End PBXGroup section */

/* Begin PBXNativeTarget section */
		019BF70B28ABA28E00B6E900 /* Swift+CPP */ = {
			isa = PBXNativeTarget;
			buildConfigurationList = 019BF71A28ABA29000B6E900 /* Build configuration list for PBXNativeTarget "Swift+CPP" */;
			buildPhases = (
				019BF70828ABA28E00B6E900 /* Sources */,
				019BF70928ABA28E00B6E900 /* Frameworks */,
				019BF70A28ABA28E00B6E900 /* Resources */,
			);
			buildRules = (
			);
			dependencies = (
			);
			name = "Swift+CPP";
			productName = "Swift+CPP";
			productReference = 019BF70C28ABA28E00B6E900 /* Swift+CPP.app */;
			productType = "com.apple.product-type.application";
		};
/* End PBXNativeTarget section */

/* Begin PBXProject section */
		019BF70428ABA28E00B6E900 /* Project object */ = {
			isa = PBXProject;
			attributes = {
				BuildIndependentTargetsInParallel = 1;
				LastSwiftUpdateCheck = 1340;
				LastUpgradeCheck = 1340;
				TargetAttributes = {
					019BF70B28ABA28E00B6E900 = {
						CreatedOnToolsVersion = 13.4.1;
						LastSwiftMigration = 1340;
					};
				};
			};
			buildConfigurationList = 019BF70728ABA28E00B6E900 /* Build configuration list for PBXProject "Swift+CPP" */;
			compatibilityVersion = "Xcode 13.0";
			developmentRegion = en;
			hasScannedForEncodings = 0;
			knownRegions = (
				en,
				Base,
			);
			mainGroup = 019BF70328ABA28E00B6E900;
			productRefGroup = 019BF70D28ABA28E00B6E900 /* Products */;
			projectDirPath = "";
			projectRoot = "";
			targets = (
				019BF70B28ABA28E00B6E900 /* Swift+CPP */,
			);
		};
/* End PBXProject section */

/* Begin PBXResourcesBuildPhase section */
		019BF70A28ABA28E00B6E900 /* Resources */ = {
			isa = PBXResourcesBuildPhase;
			buildActionMask = 2147483647;
			files = (
				019BF71728ABA29000B6E900 /* Preview Assets.xcassets in Resources */,
				019BF71428ABA29000B6E900 /* Assets.xcassets in Resources */,
			);
			runOnlyForDeploymentPostprocessing = 0;
		};
/* End PBXResourcesBuildPhase section */

/* Begin PBXSourcesBuildPhase section */
		019BF70828ABA28E00B6E900 /* Sources */ = {
			isa = PBXSourcesBuildPhase;
			buildActionMask = 2147483647;
			files = (
				019BF72128ABA2EF00B6E900 /* HelloWorld.cpp in Sources */,
				019BF71228ABA28E00B6E900 /* ContentView.swift in Sources */,
				019BF71028ABA28E00B6E900 /* Swift_CPPApp.swift in Sources */,
				019BF72428ABA42D00B6E900 /* HelloWorldWrapper.mm in Sources */,
			);
			runOnlyForDeploymentPostprocessing = 0;
		};
/* End PBXSourcesBuildPhase section */

/* Begin XCBuildConfiguration section */
		019BF71828ABA29000B6E900 /* Debug */ = {
			isa = XCBuildConfiguration;
			buildSettings = {
				ALWAYS_SEARCH_USER_PATHS = NO;
				CLANG_ANALYZER_NONNULL = YES;
				CLANG_ANALYZER_NUMBER_OBJECT_CONVERSION = YES_AGGRESSIVE;
				CLANG_CXX_LANGUAGE_STANDARD = "gnu++17";
				CLANG_ENABLE_MODULES = YES;
				CLANG_ENABLE_OBJC_ARC = YES;
				CLANG_ENABLE_OBJC_WEAK = YES;
				CLANG_WARN_BLOCK_CAPTURE_AUTORELEASING = YES;
				CLANG_WARN_BOOL_CONVERSION = YES;
				CLANG_WARN_COMMA = YES;
				CLANG_WARN_CONSTANT_CONVERSION = YES;
				CLANG_WARN_DEPRECATED_OBJC_IMPLEMENTATIONS = YES;
				CLANG_WARN_DIRECT_OBJC_ISA_USAGE = YES_ERROR;
				CLANG_WARN_DOCUMENTATION_COMMENTS = YES;
				CLANG_WARN_EMPTY_BODY = YES;
				CLANG_WARN_ENUM_CONVERSION = YES;
				CLANG_WARN_INFINITE_RECURSION = YES;
				CLANG_WARN_INT_CONVERSION = YES;
				CLANG_WARN_NON_LITERAL_NULL_CONVERSION = YES;
				CLANG_WARN_OBJC_IMPLICIT_RETAIN_SELF = YES;
				CLANG_WARN_OBJC_LITERAL_CONVERSION = YES;
				CLANG_WARN_OBJC_ROOT_CLASS = YES_ERROR;
				CLANG_WARN_QUOTED_INCLUDE_IN_FRAMEWORK_HEADER = YES;
				CLANG_WARN_RANGE_LOOP_ANALYSIS = YES;
				CLANG_WARN_STRICT_PROTOTYPES = YES;
				CLANG_WARN_SUSPICIOUS_MOVE = YES;
				CLANG_WARN_UNGUARDED_AVAILABILITY = YES_AGGRESSIVE;
				CLANG_WARN_UNREACHABLE_CODE = YES;
				CLANG_WARN__DUPLICATE_METHOD_MATCH = YES;
				COPY_PHASE_STRIP = NO;
				DEBUG_INFORMATION_FORMAT = dwarf;
				ENABLE_STRICT_OBJC_MSGSEND = YES;
				ENABLE_TESTABILITY = YES;
				GCC_C_LANGUAGE_STANDARD = gnu11;
				GCC_DYNAMIC_NO_PIC = NO;
				GCC_NO_COMMON_BLOCKS = YES;
				GCC_OPTIMIZATION_LEVEL = 0;
				GCC_PREPROCESSOR_DEFINITIONS = (
					"DEBUG=1",
					"$(inherited)",
				);
				GCC_WARN_64_TO_32_BIT_CONVERSION = YES;
				GCC_WARN_ABOUT_RETURN_TYPE = YES_ERROR;
				GCC_WARN_UNDECLARED_SELECTOR = YES;
				GCC_WARN_UNINITIALIZED_AUTOS = YES_AGGRESSIVE;
				GCC_WARN_UNUSED_FUNCTION = YES;
				GCC_WARN_UNUSED_VARIABLE = YES;
				IPHONEOS_DEPLOYMENT_TARGET = 15.5;
				MTL_ENABLE_DEBUG_INFO = INCLUDE_SOURCE;
				MTL_FAST_MATH = YES;
				ONLY_ACTIVE_ARCH = YES;
				SDKROOT = iphoneos;
				SWIFT_ACTIVE_COMPILATION_CONDITIONS = DEBUG;
				SWIFT_OPTIMIZATION_LEVEL = "-Onone";
			};
			name = Debug;
		};
		019BF71928ABA29000B6E900 /* Release */ = {
			isa = XCBuildConfiguration;
			buildSettings = {
				ALWAYS_SEARCH_USER_PATHS = NO;
				CLANG_ANALYZER_NONNULL = YES;
				CLANG_ANALYZER_NUMBER_OBJECT_CONVERSION = YES_AGGRESSIVE;
				CLANG_CXX_LANGUAGE_STANDARD = "gnu++17";
				CLANG_ENABLE_MODULES = YES;
				CLANG_ENABLE_OBJC_ARC = YES;
				CLANG_ENABLE_OBJC_WEAK = YES;
				CLANG_WARN_BLOCK_CAPTURE_AUTORELEASING = YES;
				CLANG_WARN_BOOL_CONVERSION = YES;
				CLANG_WARN_COMMA = YES;
				CLANG_WARN_CONSTANT_CONVERSION = YES;
				CLANG_WARN_DEPRECATED_OBJC_IMPLEMENTATIONS = YES;
				CLANG_WARN_DIRECT_OBJC_ISA_USAGE = YES_ERROR;
				CLANG_WARN_DOCUMENTATION_COMMENTS = YES;
				CLANG_WARN_EMPTY_BODY = YES;
				CLANG_WARN_ENUM_CONVERSION = YES;
				CLANG_WARN_INFINITE_RECURSION = YES;
				CLANG_WARN_INT_CONVERSION = YES;
				CLANG_WARN_NON_LITERAL_NULL_CONVERSION = YES;
				CLANG_WARN_OBJC_IMPLICIT_RETAIN_SELF = YES;
				CLANG_WARN_OBJC_LITERAL_CONVERSION = YES;
				CLANG_WARN_OBJC_ROOT_CLASS = YES_ERROR;
				CLANG_WARN_QUOTED_INCLUDE_IN_FRAMEWORK_HEADER = YES;
				CLANG_WARN_RANGE_LOOP_ANALYSIS = YES;
				CLANG_WARN_STRICT_PROTOTYPES = YES;
				CLANG_WARN_SUSPICIOUS_MOVE = YES;
				CLANG_WARN_UNGUARDED_AVAILABILITY = YES_AGGRESSIVE;
				CLANG_WARN_UNREACHABLE_CODE = YES;
				CLANG_WARN__DUPLICATE_METHOD_MATCH = YES;
				COPY_PHASE_STRIP = NO;
				DEBUG_INFORMATION_FORMAT = "dwarf-with-dsym";
				ENABLE_NS_ASSERTIONS = NO;
				ENABLE_STRICT_OBJC_MSGSEND = YES;
				GCC_C_LANGUAGE_STANDARD = gnu11;
				GCC_NO_COMMON_BLOCKS = YES;
				GCC_WARN_64_TO_32_BIT_CONVERSION = YES;
				GCC_WARN_ABOUT_RETURN_TYPE = YES_ERROR;
				GCC_WARN_UNDECLARED_SELECTOR = YES;
				GCC_WARN_UNINITIALIZED_AUTOS = YES_AGGRESSIVE;
				GCC_WARN_UNUSED_FUNCTION = YES;
				GCC_WARN_UNUSED_VARIABLE = YES;
				IPHONEOS_DEPLOYMENT_TARGET = 15.5;
				MTL_ENABLE_DEBUG_INFO = NO;
				MTL_FAST_MATH = YES;
				SDKROOT = iphoneos;
				SWIFT_COMPILATION_MODE = wholemodule;
				SWIFT_OPTIMIZATION_LEVEL = "-O";
				VALIDATE_PRODUCT = YES;
			};
			name = Release;
		};
		019BF71B28ABA29000B6E900 /* Debug */ = {
			isa = XCBuildConfiguration;
			buildSettings = {
				ASSETCATALOG_COMPILER_APPICON_NAME = AppIcon;
				ASSETCATALOG_COMPILER_GLOBAL_ACCENT_COLOR_NAME = AccentColor;
				CLANG_ENABLE_MODULES = YES;
				CODE_SIGN_STYLE = Automatic;
				CURRENT_PROJECT_VERSION = 1;
				DEVELOPMENT_ASSET_PATHS = "\"Swift+CPP/Preview Content\"";
				DEVELOPMENT_TEAM = PRP7A8QG84;
				ENABLE_PREVIEWS = YES;
				GENERATE_INFOPLIST_FILE = YES;
				INFOPLIST_KEY_UIApplicationSceneManifest_Generation = YES;
				INFOPLIST_KEY_UIApplicationSupportsIndirectInputEvents = YES;
				INFOPLIST_KEY_UILaunchScreen_Generation = YES;
				INFOPLIST_KEY_UISupportedInterfaceOrientations_iPad = "UIInterfaceOrientationPortrait UIInterfaceOrientationPortraitUpsideDown UIInterfaceOrientationLandscapeLeft UIInterfaceOrientationLandscapeRight";
				INFOPLIST_KEY_UISupportedInterfaceOrientations_iPhone = "UIInterfaceOrientationPortrait UIInterfaceOrientationLandscapeLeft UIInterfaceOrientationLandscapeRight";
				LD_RUNPATH_SEARCH_PATHS = (
					"$(inherited)",
					"@executable_path/Frameworks",
				);
				MARKETING_VERSION = 1.0;
				PRODUCT_BUNDLE_IDENTIFIER = "com.ibrohim.Swift-CPP";
				PRODUCT_NAME = "$(TARGET_NAME)";
				SWIFT_EMIT_LOC_STRINGS = YES;
				SWIFT_OBJC_BRIDGING_HEADER = "Swift+CPP/C++ code/Swift+CPP-Bridging-Header.h";
				SWIFT_OPTIMIZATION_LEVEL = "-Onone";
				SWIFT_VERSION = 5.0;
				TARGETED_DEVICE_FAMILY = "1,2";
			};
			name = Debug;
		};
		019BF71C28ABA29000B6E900 /* Release */ = {
			isa = XCBuildConfiguration;
			buildSettings = {
				ASSETCATALOG_COMPILER_APPICON_NAME = AppIcon;
				ASSETCATALOG_COMPILER_GLOBAL_ACCENT_COLOR_NAME = AccentColor;
				CLANG_ENABLE_MODULES = YES;
				CODE_SIGN_STYLE = Automatic;
				CURRENT_PROJECT_VERSION = 1;
				DEVELOPMENT_ASSET_PATHS = "\"Swift+CPP/Preview Content\"";
				DEVELOPMENT_TEAM = PRP7A8QG84;
				ENABLE_PREVIEWS = YES;
				GENERATE_INFOPLIST_FILE = YES;
				INFOPLIST_KEY_UIApplicationSceneManifest_Generation = YES;
				INFOPLIST_KEY_UIApplicationSupportsIndirectInputEvents = YES;
				INFOPLIST_KEY_UILaunchScreen_Generation = YES;
				INFOPLIST_KEY_UISupportedInterfaceOrientations_iPad = "UIInterfaceOrientationPortrait UIInterfaceOrientationPortraitUpsideDown UIInterfaceOrientationLandscapeLeft UIInterfaceOrientationLandscapeRight";
				INFOPLIST_KEY_UISupportedInterfaceOrientations_iPhone = "UIInterfaceOrientationPortrait UIInterfaceOrientationLandscapeLeft UIInterfaceOrientationLandscapeRight";
				LD_RUNPATH_SEARCH_PATHS = (
					"$(inherited)",
					"@executable_path/Frameworks",
				);
				MARKETING_VERSION = 1.0;
				PRODUCT_BUNDLE_IDENTIFIER = "com.ibrohim.Swift-CPP";
				PRODUCT_NAME = "$(TARGET_NAME)";
				SWIFT_EMIT_LOC_STRINGS = YES;
				SWIFT_OBJC_BRIDGING_HEADER = "Swift+CPP/C++ code/Swift+CPP-Bridging-Header.h";
				SWIFT_VERSION = 5.0;
				TARGETED_DEVICE_FAMILY = "1,2";
			};
			name = Release;
		};
/* End XCBuildConfiguration section */

/* Begin XCConfigurationList section */
		019BF70728ABA28E00B6E900 /* Build configuration list for PBXProject "Swift+CPP" */ = {
			isa = XCConfigurationList;
			buildConfigurations = (
				019BF71828ABA29000B6E900 /* Debug */,
				019BF71928ABA29000B6E900 /* Release */,
			);
			defaultConfigurationIsVisible = 0;
			defaultConfigurationName = Release;
		};
		019BF71A28ABA29000B6E900 /* Build configuration list for PBXNativeTarget "Swift+CPP" */ = {
			isa = XCConfigurationList;
			buildConfigurations = (
				019BF71B28ABA29000B6E900 /* Debug */,
				019BF71C28ABA29000B6E900 /* Release */,
			);
			defaultConfigurationIsVisible = 0;
			defaultConfigurationName = Release;
		};
/* End XCConfigurationList section */
	};
	rootObject = 019BF70428ABA28E00B6E900 /* Project object */;
}
